<?xml version="1.0" encoding="utf-8"?>
<Project ToolsVersion="4.0" xmlns="http://schemas.microsoft.com/developer/msbuild/2003">
  <ItemGroup>
    <Filter Include="ARC">
      <UniqueIdentifier>{3BD2870B-A7DB-877C-3057-9E7C9C5F937C}</UniqueIdentifier>
    </Filter>
    <Filter Include="Helpers">
      <UniqueIdentifier>{D8389B9D-4418-1A39-4D30-A50FB98E809A}</UniqueIdentifier>
    </Filter>
  </ItemGroup>
  <ItemGroup>
    <ClInclude Include="src\ARC.h" />
    <ClInclude Include="src\Runtime\Application.h">
      <Filter>ARC</Filter>
    </ClInclude>
    <ClInclude Include="src\Runtime\Core.h">
      <Filter>ARC</Filter>
    </ClInclude>
    <ClInclude Include="src\Runtime\EntryPoint.h">
      <Filter>ARC</Filter>
    </ClInclude>
    <ClInclude Include="src\Runtime\Log.h">
      <Filter>ARC</Filter>
    </ClInclude>
    <ClInclude Include="src\Runtime\Helpers\DllHelpers_Macros.h">
      <Filter>Helpers</Filter>
    </ClInclude>
    <ClInclude Include="src\Runtime\Helpers\Helpers.h">
      <Filter>Helpers</Filter>
    </ClInclude>
    <ClInclude Include="src\Runtime\Helpers\Macros.h">
      <Filter>Helpers</Filter>
    </ClInclude>
    <ClInclude Include="src\Runtime\Types\vector.h">
      <Filter>Helpers</Filter>
    </ClInclude>
    <ClInclude Include="src\Runtime\Helpers\Enum.h" />
    <ClInclude Include="src\Runtime\Events\Event.h" />
  </ItemGroup>
  <ItemGroup>
    <ClCompile Include="src\Runtime\Application.cpp">
      <Filter>ARC</Filter>
    </ClCompile>
    <ClCompile Include="src\Runtime\Log.cpp">
      <Filter>ARC</Filter>
    </ClCompile>
  </ItemGroup>
</Project>